
Microsoft Visual Studio Solution File, Format Version 12.00
# Visual Studio Version 16
VisualStudioVersion = 16.0.33328.57
MinimumVisualStudioVersion = 10.0.40219.1
Project("{FAE04EC0-301F-11D3-BF4B-00C04F79EFBC}") = "Employees.Web", "Employees.Web\Employees.Web.csproj", "{AA4B630B-BDDC-43EA-B8A1-572514B2795D}"
EndProject
Project("{2150E333-8FDC-42A3-9474-1A3956D46DE8}") = "WebApp", "WebApp", "{D81D9B75-0745-41CF-B9B1-C7B5C8304838}"
EndProject
Project("{2150E333-8FDC-42A3-9474-1A3956D46DE8}") = "WebApi", "WebApi", "{C58592A7-3476-4CA9-A798-B609DBD6C92C}"
EndProject
Project("{2150E333-8FDC-42A3-9474-1A3956D46DE8}") = "DA", "DA", "{C8EF8DEC-3D64-4DDC-8C56-78797DDF29E0}"
EndProject
Project("{2150E333-8FDC-42A3-9474-1A3956D46DE8}") = "UnitTest", "UnitTest", "{464D0C8A-EFF9-4172-AACA-659964FB3E28}"
EndProject
Project("{FAE04EC0-301F-11D3-BF4B-00C04F79EFBC}") = "Employees.Da", "Employees.Da\Employees.Da.csproj", "{E17CAC28-3C75-4D19-AFF7-C05578F2223C}"
EndProject
Project("{2150E333-8FDC-42A3-9474-1A3956D46DE8}") = "BL", "BL", "{AD379604-28DC-40E3-A0D4-603C0BB5375F}"
EndProject
Project("{FAE04EC0-301F-11D3-BF4B-00C04F79EFBC}") = "Employees.Bl", "Employees.Bl\Employees.Bl.csproj", "{4F97DED5-3932-4779-847C-B0B6F7E2F254}"
EndProject
Project("{FAE04EC0-301F-11D3-BF4B-00C04F79EFBC}") = "Employees.UnitTest", "Employees.UnitTest\Employees.UnitTest.csproj", "{A164548A-537A-44A4-BCB1-6CBC8923BB11}"
EndProject
Project("{FAE04EC0-301F-11D3-BF4B-00C04F79EFBC}") = "Employees.Api", "Employees.Api\Employees.Api.csproj", "{675866B8-114D-4A8E-B50D-B8034E97CD01}"
EndProject
Global
	GlobalSection(SolutionConfigurationPlatforms) = preSolution
		Debug|Any CPU = Debug|Any CPU
		Release|Any CPU = Release|Any CPU
	EndGlobalSection
	GlobalSection(ProjectConfigurationPlatforms) = postSolution
		{AA4B630B-BDDC-43EA-B8A1-572514B2795D}.Debug|Any CPU.ActiveCfg = Debug|Any CPU
		{AA4B630B-BDDC-43EA-B8A1-572514B2795D}.Debug|Any CPU.Build.0 = Debug|Any CPU
		{AA4B630B-BDDC-43EA-B8A1-572514B2795D}.Release|Any CPU.ActiveCfg = Release|Any CPU
		{AA4B630B-BDDC-43EA-B8A1-572514B2795D}.Release|Any CPU.Build.0 = Release|Any CPU
		{E17CAC28-3C75-4D19-AFF7-C05578F2223C}.Debug|Any CPU.ActiveCfg = Debug|Any CPU
		{E17CAC28-3C75-4D19-AFF7-C05578F2223C}.Debug|Any CPU.Build.0 = Debug|Any CPU
		{E17CAC28-3C75-4D19-AFF7-C05578F2223C}.Release|Any CPU.ActiveCfg = Release|Any CPU
		{E17CAC28-3C75-4D19-AFF7-C05578F2223C}.Release|Any CPU.Build.0 = Release|Any CPU
		{4F97DED5-3932-4779-847C-B0B6F7E2F254}.Debug|Any CPU.ActiveCfg = Debug|Any CPU
		{4F97DED5-3932-4779-847C-B0B6F7E2F254}.Debug|Any CPU.Build.0 = Debug|Any CPU
		{4F97DED5-3932-4779-847C-B0B6F7E2F254}.Release|Any CPU.ActiveCfg = Release|Any CPU
		{4F97DED5-3932-4779-847C-B0B6F7E2F254}.Release|Any CPU.Build.0 = Release|Any CPU
		{A164548A-537A-44A4-BCB1-6CBC8923BB11}.Debug|Any CPU.ActiveCfg = Debug|Any CPU
		{A164548A-537A-44A4-BCB1-6CBC8923BB11}.Debug|Any CPU.Build.0 = Debug|Any CPU
		{A164548A-537A-44A4-BCB1-6CBC8923BB11}.Release|Any CPU.ActiveCfg = Release|Any CPU
		{A164548A-537A-44A4-BCB1-6CBC8923BB11}.Release|Any CPU.Build.0 = Release|Any CPU
		{675866B8-114D-4A8E-B50D-B8034E97CD01}.Debug|Any CPU.ActiveCfg = Debug|Any CPU
		{675866B8-114D-4A8E-B50D-B8034E97CD01}.Debug|Any CPU.Build.0 = Debug|Any CPU
		{675866B8-114D-4A8E-B50D-B8034E97CD01}.Release|Any CPU.ActiveCfg = Release|Any CPU
		{675866B8-114D-4A8E-B50D-B8034E97CD01}.Release|Any CPU.Build.0 = Release|Any CPU
	EndGlobalSection
	GlobalSection(SolutionProperties) = preSolution
		HideSolutionNode = FALSE
	EndGlobalSection
	GlobalSection(NestedProjects) = preSolution
		{AA4B630B-BDDC-43EA-B8A1-572514B2795D} = {D81D9B75-0745-41CF-B9B1-C7B5C8304838}
		{E17CAC28-3C75-4D19-AFF7-C05578F2223C} = {C8EF8DEC-3D64-4DDC-8C56-78797DDF29E0}
		{4F97DED5-3932-4779-847C-B0B6F7E2F254} = {AD379604-28DC-40E3-A0D4-603C0BB5375F}
		{A164548A-537A-44A4-BCB1-6CBC8923BB11} = {464D0C8A-EFF9-4172-AACA-659964FB3E28}
		{675866B8-114D-4A8E-B50D-B8034E97CD01} = {C58592A7-3476-4CA9-A798-B609DBD6C92C}
	EndGlobalSection
	GlobalSection(ExtensibilityGlobals) = postSolution
		SolutionGuid = {1545CE83-8E18-473A-983B-8D11367BFE52}
	EndGlobalSection
EndGlobal
